
Microsoft Visual Studio Solution File, Format Version 12.00
# Visual Studio Version 16
VisualStudioVersion = 16.0.30621.155
MinimumVisualStudioVersion = 10.0.40219.1
Project("{FAE04EC0-301F-11D3-BF4B-00C04F79EFBC}") = "Galaxies", "Galaxies\Galaxies.csproj", "{DBBAD640-C8BF-4B3E-9589-7D332A6C9697}"
EndProject
Global
	GlobalSection(SolutionConfigurationPlatforms) = preSolution
		Debug|Any CPU = Debug|Any CPU
		Release|Any CPU = Release|Any CPU
	EndGlobalSection
	GlobalSection(ProjectConfigurationPlatforms) = postSolution
		{DBBAD640-C8BF-4B3E-9589-7D332A6C9697}.Debug|Any CPU.ActiveCfg = Debug|Any CPU
		{DBBAD640-C8BF-4B3E-9589-7D332A6C9697}.Debug|Any CPU.Build.0 = Debug|Any CPU
		{DBBAD640-C8BF-4B3E-9589-7D332A6C9697}.Release|Any CPU.ActiveCfg = Release|Any CPU
		{DBBAD640-C8BF-4B3E-9589-7D332A6C9697}.Release|Any CPU.Build.0 = Release|Any CPU
	EndGlobalSection
	GlobalSection(SolutionProperties) = preSolution
		HideSolutionNode = FALSE
	EndGlobalSection
	GlobalSection(ExtensibilityGlobals) = postSolution
		SolutionGuid = {F2546BD6-BFAD-451B-B81C-8FB5F448715F}
	EndGlobalSection
EndGlobal
